{
  "requires": true,
  "lockfileVersion": 1,
  "dependencies": {
    "@fullcalendar/common": {
      "version": "5.7.0",
      "resolved": "https://registry.npmjs.org/@fullcalendar/common/-/common-5.7.0.tgz",
      "integrity": "sha512-8zKa4q9cQ5xjuAyN0d8AlpCrEC9Kmar5Oq3iMcPbPIO2AtNXTvifzCG44VIgm3/skjDBZ/wYvjJyyB+4WdmT6g==",
      "requires": {
        "tslib": "^2.0.3"
      }
    },
    "@fullcalendar/core": {
      "version": "5.7.0",
      "resolved": "https://registry.npmjs.org/@fullcalendar/core/-/core-5.7.0.tgz",
      "integrity": "sha512-V9kNy/fgZLMPNarS1Eav3WUZIhdyzanYJPWTTxycCT/AiTxyw+RyinowhR9qnv3ZnUTMrZzCAplMT0HKdRFfnA==",
      "requires": {
        "@fullcalendar/common": "~5.7.0",
        "preact": "^10.0.5",
        "tslib": "^2.0.3"
      }
    },
    "@fullcalendar/daygrid": {
      "version": "5.7.0",
      "resolved": "https://registry.npmjs.org/@fullcalendar/daygrid/-/daygrid-5.7.0.tgz",
      "integrity": "sha512-K/0A1XIcf527Q18Hg4eMXCdZwd9AkkfrOqm/rtzULnM5cRkd2oaHOksdrQ5V0kGHAQeV96sp9OCg8PPBrdlBoQ==",
      "requires": {
        "@fullcalendar/common": "~5.7.0",
        "tslib": "^2.0.3"
      }
    },
    "@fullcalendar/premium-common": {
      "version": "5.7.0",
      "resolved": "https://registry.npmjs.org/@fullcalendar/premium-common/-/premium-common-5.7.0.tgz",
      "integrity": "sha512-RWQEh1wIFpRZErxJjKYZRo3DzXhgJEFWrQBG+41wZUlAr/+F65Uwg0wtpCRMsVTMWrcxT0yVBv7O2rLeZU8dKQ==",
      "requires": {
        "@fullcalendar/common": "~5.7.0",
        "tslib": "^2.0.3"
      }
    },
    "@fullcalendar/resource-common": {
      "version": "5.7.0",
      "resolved": "https://registry.npmjs.org/@fullcalendar/resource-common/-/resource-common-5.7.0.tgz",
      "integrity": "sha512-gMrV5iNL9crUuxhs1fL4E4qkgBfAO031Zf/vcXLXtwGU88qpUyAU+oCvehlf9LiijTlSO0fxiaITsLrGrryOoQ==",
      "requires": {
        "@fullcalendar/common": "~5.7.0",
        "@fullcalendar/premium-common": "~5.7.0",
        "tslib": "^2.0.3"
      }
    },
    "@fullcalendar/resource-daygrid": {
      "version": "5.7.0",
      "resolved": "https://registry.npmjs.org/@fullcalendar/resource-daygrid/-/resource-daygrid-5.7.0.tgz",
      "integrity": "sha512-JZASO61LuYJarrRMNshhQHQaGk71DFY0HdDY4E2WopcK1WWuiLTKLa5QBti15r8XtRskOWSy8FTMizcjeq9ibw==",
      "requires": {
        "@fullcalendar/common": "~5.7.0",
        "@fullcalendar/daygrid": "~5.7.0",
        "@fullcalendar/premium-common": "~5.7.0",
        "@fullcalendar/resource-common": "~5.7.0",
        "tslib": "^2.0.3"
      }
    },
    "@fullcalendar/resource-timegrid": {
      "version": "5.7.0",
      "resolved": "https://registry.npmjs.org/@fullcalendar/resource-timegrid/-/resource-timegrid-5.7.0.tgz",
      "integrity": "sha512-42R/F+jElqe3D1ZogidWelCz2inNQd680AAVbB3oyIyV9Wef2pyGYoNhtZxPZRbguzoRy0X07sQ4YmFlAXgVXA==",
      "requires": {
        "@fullcalendar/common": "~5.7.0",
        "@fullcalendar/premium-common": "~5.7.0",
        "@fullcalendar/resource-common": "~5.7.0",
        "@fullcalendar/resource-daygrid": "~5.7.0",
        "@fullcalendar/timegrid": "~5.7.0",
        "tslib": "^2.0.3"
      }
    },
    "@fullcalendar/timegrid": {
      "version": "5.7.0",
      "resolved": "https://registry.npmjs.org/@fullcalendar/timegrid/-/timegrid-5.7.0.tgz",
      "integrity": "sha512-CTDkrqllYZyICd75MeGUJ45e4EC8SZsSwDN6DtUD5wPTfQW2j8vGX89iy/yEnhNUi8yzWe70St95vGFo1IeakQ==",
      "requires": {
        "@fullcalendar/common": "~5.7.0",
        "@fullcalendar/daygrid": "~5.7.0",
        "tslib": "^2.0.3"
      }
    },
    "preact": {
      "version": "10.5.13",
      "resolved": "https://registry.npmjs.org/preact/-/preact-10.5.13.tgz",
      "integrity": "sha512-q/vlKIGNwzTLu+jCcvywgGrt+H/1P/oIRSD6mV4ln3hmlC+Aa34C7yfPI4+5bzW8pONyVXYS7SvXosy2dKKtWQ=="
    },
    "tslib": {
      "version": "2.2.0",
      "resolved": "https://registry.npmjs.org/tslib/-/tslib-2.2.0.tgz",
      "integrity": "sha512-gS9GVHRU+RGn5KQM2rllAlR3dU6m7AcpJKdtH8gFvQiC4Otgk98XnmMU+nZenHt/+VhnBPWwgrJsyrdcw6i23w=="
    }
  }
}
